
Microsoft Visual Studio Solution File, Format Version 12.00
# Visual Studio Version 17
VisualStudioVersion = 17.3.32929.385
MinimumVisualStudioVersion = 10.0.40219.1
Project("{FAE04EC0-301F-11D3-BF4B-00C04F79EFBC}") = "ZoomOutOnMap", "ZoomOutOnMap.csproj", "{39BED9F6-0E12-415D-9A19-783E2D08A180}"
EndProject
Global
	GlobalSection(SolutionConfigurationPlatforms) = preSolution
		Beta_Debug|x64 = Beta_Debug|x64
		Beta_Release|x64 = Beta_Release|x64
		Debug|x64 = Debug|x64
		Release|x64 = Release|x64
		Stable_Debug|x64 = Stable_Debug|x64
		Stable_Release|x64 = Stable_Release|x64
	EndGlobalSection
	GlobalSection(ProjectConfigurationPlatforms) = postSolution
		{39BED9F6-0E12-415D-9A19-783E2D08A180}.Beta_Debug|x64.ActiveCfg = Beta_Debug|x64
		{39BED9F6-0E12-415D-9A19-783E2D08A180}.Beta_Debug|x64.Build.0 = Beta_Debug|x64
		{39BED9F6-0E12-415D-9A19-783E2D08A180}.Beta_Release|x64.ActiveCfg = Beta_Release|x64
		{39BED9F6-0E12-415D-9A19-783E2D08A180}.Beta_Release|x64.Build.0 = Beta_Release|x64
		{39BED9F6-0E12-415D-9A19-783E2D08A180}.Debug|x64.ActiveCfg = Debug|x64
		{39BED9F6-0E12-415D-9A19-783E2D08A180}.Debug|x64.Build.0 = Debug|x64
		{39BED9F6-0E12-415D-9A19-783E2D08A180}.Release|x64.ActiveCfg = Release|x64
		{39BED9F6-0E12-415D-9A19-783E2D08A180}.Release|x64.Build.0 = Release|x64
		{39BED9F6-0E12-415D-9A19-783E2D08A180}.Stable_Debug|x64.ActiveCfg = Stable_Debug|x64
		{39BED9F6-0E12-415D-9A19-783E2D08A180}.Stable_Debug|x64.Build.0 = Stable_Debug|x64
		{39BED9F6-0E12-415D-9A19-783E2D08A180}.Stable_Release|x64.ActiveCfg = Stable_Release|x64
		{39BED9F6-0E12-415D-9A19-783E2D08A180}.Stable_Release|x64.Build.0 = Stable_Release|x64
	EndGlobalSection
	GlobalSection(SolutionProperties) = preSolution
		HideSolutionNode = FALSE
	EndGlobalSection
	GlobalSection(ExtensibilityGlobals) = postSolution
		SolutionGuid = {50F21BB2-3D10-4867-8682-D7245B9FB199}
	EndGlobalSection
EndGlobal
